// !$*UTF8*$!
{
	archiveVersion = 1;
	classes = {
	};
	objectVersion = 56;
	objects = {

/* Begin PBXBuildFile section */
		EEB1AF612BC65A930053526E /* ThruHikerApp.swift in Sources */ = {isa = PBXBuildFile; fileRef = EEB1AF602BC65A930053526E /* ThruHikerApp.swift */; };
		EEB1AF632BC65A930053526E /* ContentView.swift in Sources */ = {isa = PBXBuildFile; fileRef = EEB1AF622BC65A930053526E /* ContentView.swift */; };
		EEB1AF652BC65A940053526E /* Assets.xcassets in Resources */ = {isa = PBXBuildFile; fileRef = EEB1AF642BC65A940053526E /* Assets.xcassets */; };
		EEB1AF682BC65A940053526E /* Preview Assets.xcassets in Resources */ = {isa = PBXBuildFile; fileRef = EEB1AF672BC65A940053526E /* Preview Assets.xcassets */; };
		EEB1AF722BC65A940053526E /* ThruHikerTests.swift in Sources */ = {isa = PBXBuildFile; fileRef = EEB1AF712BC65A940053526E /* ThruHikerTests.swift */; };
		EEB1AF7C2BC65A940053526E /* ThruHikerUITests.swift in Sources */ = {isa = PBXBuildFile; fileRef = EEB1AF7B2BC65A940053526E /* ThruHikerUITests.swift */; };
		EEB1AF7E2BC65A940053526E /* ThruHikerUITestsLaunchTests.swift in Sources */ = {isa = PBXBuildFile; fileRef = EEB1AF7D2BC65A940053526E /* ThruHikerUITestsLaunchTests.swift */; };
		EEB1AF8B2BD0D1A80053526E /* RouteCardView.swift in Sources */ = {isa = PBXBuildFile; fileRef = EEB1AF8A2BD0D1A80053526E /* RouteCardView.swift */; };
		EEB1AF8D2BD4D49E0053526E /* sampleRoutes.swift in Sources */ = {isa = PBXBuildFile; fileRef = EEB1AF8C2BD4D49E0053526E /* sampleRoutes.swift */; };
		EEB1AF8F2BD6EC420053526E /* RouteExplorePage.swift in Sources */ = {isa = PBXBuildFile; fileRef = EEB1AF8E2BD6EC420053526E /* RouteExplorePage.swift */; };
		EEFB6C812BD859E8007B6210 /* RouteView.swift in Sources */ = {isa = PBXBuildFile; fileRef = EEFB6C802BD859E8007B6210 /* RouteView.swift */; };
		EEFB6C852BD86002007B6210 /* DistanceView.swift in Sources */ = {isa = PBXBuildFile; fileRef = EEFB6C842BD86002007B6210 /* DistanceView.swift */; };
		EEFB6C872BD862B9007B6210 /* RouteCardDetailView.swift in Sources */ = {isa = PBXBuildFile; fileRef = EEFB6C862BD862B9007B6210 /* RouteCardDetailView.swift */; };
		EEFB6C892BD864E7007B6210 /* MapPreview.swift in Sources */ = {isa = PBXBuildFile; fileRef = EEFB6C882BD864E7007B6210 /* MapPreview.swift */; };
/* End PBXBuildFile section */

/* Begin PBXContainerItemProxy section */
		EEB1AF6E2BC65A940053526E /* PBXContainerItemProxy */ = {
			isa = PBXContainerItemProxy;
			containerPortal = EEB1AF552BC65A930053526E /* Project object */;
			proxyType = 1;
			remoteGlobalIDString = EEB1AF5C2BC65A930053526E;
			remoteInfo = ThruHiker;
		};
		EEB1AF782BC65A940053526E /* PBXContainerItemProxy */ = {
			isa = PBXContainerItemProxy;
			containerPortal = EEB1AF552BC65A930053526E /* Project object */;
			proxyType = 1;
			remoteGlobalIDString = EEB1AF5C2BC65A930053526E;
			remoteInfo = ThruHiker;
		};
/* End PBXContainerItemProxy section */

/* Begin PBXFileReference section */
		EEB1AF5D2BC65A930053526E /* ThruHiker.app */ = {isa = PBXFileReference; explicitFileType = wrapper.application; includeInIndex = 0; path = ThruHiker.app; sourceTree = BUILT_PRODUCTS_DIR; };
		EEB1AF602BC65A930053526E /* ThruHikerApp.swift */ = {isa = PBXFileReference; lastKnownFileType = sourcecode.swift; path = ThruHikerApp.swift; sourceTree = "<group>"; };
		EEB1AF622BC65A930053526E /* ContentView.swift */ = {isa = PBXFileReference; lastKnownFileType = sourcecode.swift; path = ContentView.swift; sourceTree = "<group>"; };
		EEB1AF642BC65A940053526E /* Assets.xcassets */ = {isa = PBXFileReference; lastKnownFileType = folder.assetcatalog; path = Assets.xcassets; sourceTree = "<group>"; };
		EEB1AF672BC65A940053526E /* Preview Assets.xcassets */ = {isa = PBXFileReference; lastKnownFileType = folder.assetcatalog; path = "Preview Assets.xcassets"; sourceTree = "<group>"; };
		EEB1AF6D2BC65A940053526E /* ThruHikerTests.xctest */ = {isa = PBXFileReference; explicitFileType = wrapper.cfbundle; includeInIndex = 0; path = ThruHikerTests.xctest; sourceTree = BUILT_PRODUCTS_DIR; };
		EEB1AF712BC65A940053526E /* ThruHikerTests.swift */ = {isa = PBXFileReference; lastKnownFileType = sourcecode.swift; path = ThruHikerTests.swift; sourceTree = "<group>"; };
		EEB1AF772BC65A940053526E /* ThruHikerUITests.xctest */ = {isa = PBXFileReference; explicitFileType = wrapper.cfbundle; includeInIndex = 0; path = ThruHikerUITests.xctest; sourceTree = BUILT_PRODUCTS_DIR; };
		EEB1AF7B2BC65A940053526E /* ThruHikerUITests.swift */ = {isa = PBXFileReference; lastKnownFileType = sourcecode.swift; path = ThruHikerUITests.swift; sourceTree = "<group>"; };
		EEB1AF7D2BC65A940053526E /* ThruHikerUITestsLaunchTests.swift */ = {isa = PBXFileReference; lastKnownFileType = sourcecode.swift; path = ThruHikerUITestsLaunchTests.swift; sourceTree = "<group>"; };
		EEB1AF8A2BD0D1A80053526E /* RouteCardView.swift */ = {isa = PBXFileReference; lastKnownFileType = sourcecode.swift; path = RouteCardView.swift; sourceTree = "<group>"; };
		EEB1AF8C2BD4D49E0053526E /* sampleRoutes.swift */ = {isa = PBXFileReference; lastKnownFileType = sourcecode.swift; path = sampleRoutes.swift; sourceTree = "<group>"; };
		EEB1AF8E2BD6EC420053526E /* RouteExplorePage.swift */ = {isa = PBXFileReference; lastKnownFileType = sourcecode.swift; path = RouteExplorePage.swift; sourceTree = "<group>"; };
		EEFB6C802BD859E8007B6210 /* RouteView.swift */ = {isa = PBXFileReference; lastKnownFileType = sourcecode.swift; path = RouteView.swift; sourceTree = "<group>"; };
		EEFB6C842BD86002007B6210 /* DistanceView.swift */ = {isa = PBXFileReference; lastKnownFileType = sourcecode.swift; path = DistanceView.swift; sourceTree = "<group>"; };
		EEFB6C862BD862B9007B6210 /* RouteCardDetailView.swift */ = {isa = PBXFileReference; lastKnownFileType = sourcecode.swift; path = RouteCardDetailView.swift; sourceTree = "<group>"; };
		EEFB6C882BD864E7007B6210 /* MapPreview.swift */ = {isa = PBXFileReference; lastKnownFileType = sourcecode.swift; path = MapPreview.swift; sourceTree = "<group>"; };
/* End PBXFileReference section */

/* Begin PBXFrameworksBuildPhase section */
		EEB1AF5A2BC65A930053526E /* Frameworks */ = {
			isa = PBXFrameworksBuildPhase;
			buildActionMask = 2147483647;
			files = (
			);
			runOnlyForDeploymentPostprocessing = 0;
		};
		EEB1AF6A2BC65A940053526E /* Frameworks */ = {
			isa = PBXFrameworksBuildPhase;
			buildActionMask = 2147483647;
			files = (
			);
			runOnlyForDeploymentPostprocessing = 0;
		};
		EEB1AF742BC65A940053526E /* Frameworks */ = {
			isa = PBXFrameworksBuildPhase;
			buildActionMask = 2147483647;
			files = (
			);
			runOnlyForDeploymentPostprocessing = 0;
		};
/* End PBXFrameworksBuildPhase section */

/* Begin PBXGroup section */
		EEB1AF542BC65A930053526E = {
			isa = PBXGroup;
			children = (
				EEFB6C882BD864E7007B6210 /* MapPreview.swift */,
				EEB1AF5F2BC65A930053526E /* ThruHiker */,
				EEB1AF702BC65A940053526E /* ThruHikerTests */,
				EEB1AF7A2BC65A940053526E /* ThruHikerUITests */,
				EEB1AF5E2BC65A930053526E /* Products */,
			);
			sourceTree = "<group>";
		};
		EEB1AF5E2BC65A930053526E /* Products */ = {
			isa = PBXGroup;
			children = (
				EEB1AF5D2BC65A930053526E /* ThruHiker.app */,
				EEB1AF6D2BC65A940053526E /* ThruHikerTests.xctest */,
				EEB1AF772BC65A940053526E /* ThruHikerUITests.xctest */,
			);
			name = Products;
			sourceTree = "<group>";
		};
		EEB1AF5F2BC65A930053526E /* ThruHiker */ = {
			isa = PBXGroup;
			children = (
				EEFB6C802BD859E8007B6210 /* RouteView.swift */,
				EEFB6C842BD86002007B6210 /* DistanceView.swift */,
				EEB1AF8E2BD6EC420053526E /* RouteExplorePage.swift */,
				EEB1AF602BC65A930053526E /* ThruHikerApp.swift */,
				EEB1AF622BC65A930053526E /* ContentView.swift */,
				EEB1AF8A2BD0D1A80053526E /* RouteCardView.swift */,
				EEFB6C862BD862B9007B6210 /* RouteCardDetailView.swift */,
				EEB1AF8C2BD4D49E0053526E /* sampleRoutes.swift */,
				EEB1AF642BC65A940053526E /* Assets.xcassets */,
				EEB1AF662BC65A940053526E /* Preview Content */,
			);
			path = ThruHiker;
			sourceTree = "<group>";
		};
		EEB1AF662BC65A940053526E /* Preview Content */ = {
			isa = PBXGroup;
			children = (
				EEB1AF672BC65A940053526E /* Preview Assets.xcassets */,
			);
			path = "Preview Content";
			sourceTree = "<group>";
		};
		EEB1AF702BC65A940053526E /* ThruHikerTests */ = {
			isa = PBXGroup;
			children = (
				EEB1AF712BC65A940053526E /* ThruHikerTests.swift */,
			);
			path = ThruHikerTests;
			sourceTree = "<group>";
		};
		EEB1AF7A2BC65A940053526E /* ThruHikerUITests */ = {
			isa = PBXGroup;
			children = (
				EEB1AF7B2BC65A940053526E /* ThruHikerUITests.swift */,
				EEB1AF7D2BC65A940053526E /* ThruHikerUITestsLaunchTests.swift */,
			);
			path = ThruHikerUITests;
			sourceTree = "<group>";
		};
/* End PBXGroup section */

/* Begin PBXNativeTarget section */
		EEB1AF5C2BC65A930053526E /* ThruHiker */ = {
			isa = PBXNativeTarget;
			buildConfigurationList = EEB1AF812BC65A940053526E /* Build configuration list for PBXNativeTarget "ThruHiker" */;
			buildPhases = (
				EEB1AF592BC65A930053526E /* Sources */,
				EEB1AF5A2BC65A930053526E /* Frameworks */,
				EEB1AF5B2BC65A930053526E /* Resources */,
			);
			buildRules = (
			);
			dependencies = (
			);
			name = ThruHiker;
			productName = ThruHiker;
			productReference = EEB1AF5D2BC65A930053526E /* ThruHiker.app */;
			productType = "com.apple.product-type.application";
		};
		EEB1AF6C2BC65A940053526E /* ThruHikerTests */ = {
			isa = PBXNativeTarget;
			buildConfigurationList = EEB1AF842BC65A940053526E /* Build configuration list for PBXNativeTarget "ThruHikerTests" */;
			buildPhases = (
				EEB1AF692BC65A940053526E /* Sources */,
				EEB1AF6A2BC65A940053526E /* Frameworks */,
				EEB1AF6B2BC65A940053526E /* Resources */,
			);
			buildRules = (
			);
			dependencies = (
				EEB1AF6F2BC65A940053526E /* PBXTargetDependency */,
			);
			name = ThruHikerTests;
			productName = ThruHikerTests;
			productReference = EEB1AF6D2BC65A940053526E /* ThruHikerTests.xctest */;
			productType = "com.apple.product-type.bundle.unit-test";
		};
		EEB1AF762BC65A940053526E /* ThruHikerUITests */ = {
			isa = PBXNativeTarget;
			buildConfigurationList = EEB1AF872BC65A940053526E /* Build configuration list for PBXNativeTarget "ThruHikerUITests" */;
			buildPhases = (
				EEB1AF732BC65A940053526E /* Sources */,
				EEB1AF742BC65A940053526E /* Frameworks */,
				EEB1AF752BC65A940053526E /* Resources */,
			);
			buildRules = (
			);
			dependencies = (
				EEB1AF792BC65A940053526E /* PBXTargetDependency */,
			);
			name = ThruHikerUITests;
			productName = ThruHikerUITests;
			productReference = EEB1AF772BC65A940053526E /* ThruHikerUITests.xctest */;
			productType = "com.apple.product-type.bundle.ui-testing";
		};
/* End PBXNativeTarget section */

/* Begin PBXProject section */
		EEB1AF552BC65A930053526E /* Project object */ = {
			isa = PBXProject;
			attributes = {
				BuildIndependentTargetsInParallel = 1;
				LastSwiftUpdateCheck = 1530;
				LastUpgradeCheck = 1530;
				TargetAttributes = {
					EEB1AF5C2BC65A930053526E = {
						CreatedOnToolsVersion = 15.3;
					};
					EEB1AF6C2BC65A940053526E = {
						CreatedOnToolsVersion = 15.3;
						TestTargetID = EEB1AF5C2BC65A930053526E;
					};
					EEB1AF762BC65A940053526E = {
						CreatedOnToolsVersion = 15.3;
						TestTargetID = EEB1AF5C2BC65A930053526E;
					};
				};
			};
			buildConfigurationList = EEB1AF582BC65A930053526E /* Build configuration list for PBXProject "ThruHiker" */;
			compatibilityVersion = "Xcode 14.0";
			developmentRegion = en;
			hasScannedForEncodings = 0;
			knownRegions = (
				en,
				Base,
			);
			mainGroup = EEB1AF542BC65A930053526E;
			productRefGroup = EEB1AF5E2BC65A930053526E /* Products */;
			projectDirPath = "";
			projectRoot = "";
			targets = (
				EEB1AF5C2BC65A930053526E /* ThruHiker */,
				EEB1AF6C2BC65A940053526E /* ThruHikerTests */,
				EEB1AF762BC65A940053526E /* ThruHikerUITests */,
			);
		};
/* End PBXProject section */

/* Begin PBXResourcesBuildPhase section */
		EEB1AF5B2BC65A930053526E /* Resources */ = {
			isa = PBXResourcesBuildPhase;
			buildActionMask = 2147483647;
			files = (
				EEB1AF682BC65A940053526E /* Preview Assets.xcassets in Resources */,
				EEB1AF652BC65A940053526E /* Assets.xcassets in Resources */,
			);
			runOnlyForDeploymentPostprocessing = 0;
		};
		EEB1AF6B2BC65A940053526E /* Resources */ = {
			isa = PBXResourcesBuildPhase;
			buildActionMask = 2147483647;
			files = (
			);
			runOnlyForDeploymentPostprocessing = 0;
		};
		EEB1AF752BC65A940053526E /* Resources */ = {
			isa = PBXResourcesBuildPhase;
			buildActionMask = 2147483647;
			files = (
			);
			runOnlyForDeploymentPostprocessing = 0;
		};
/* End PBXResourcesBuildPhase section */

/* Begin PBXSourcesBuildPhase section */
		EEB1AF592BC65A930053526E /* Sources */ = {
			isa = PBXSourcesBuildPhase;
			buildActionMask = 2147483647;
			files = (
				EEB1AF8B2BD0D1A80053526E /* RouteCardView.swift in Sources */,
				EEB1AF8F2BD6EC420053526E /* RouteExplorePage.swift in Sources */,
				EEFB6C852BD86002007B6210 /* DistanceView.swift in Sources */,
				EEFB6C872BD862B9007B6210 /* RouteCardDetailView.swift in Sources */,
				EEB1AF8D2BD4D49E0053526E /* sampleRoutes.swift in Sources */,
				EEFB6C892BD864E7007B6210 /* MapPreview.swift in Sources */,
				EEB1AF632BC65A930053526E /* ContentView.swift in Sources */,
				EEFB6C812BD859E8007B6210 /* RouteView.swift in Sources */,
				EEB1AF612BC65A930053526E /* ThruHikerApp.swift in Sources */,
			);
			runOnlyForDeploymentPostprocessing = 0;
		};
		EEB1AF692BC65A940053526E /* Sources */ = {
			isa = PBXSourcesBuildPhase;
			buildActionMask = 2147483647;
			files = (
				EEB1AF722BC65A940053526E /* ThruHikerTests.swift in Sources */,
			);
			runOnlyForDeploymentPostprocessing = 0;
		};
		EEB1AF732BC65A940053526E /* Sources */ = {
			isa = PBXSourcesBuildPhase;
			buildActionMask = 2147483647;
			files = (
				EEB1AF7C2BC65A940053526E /* ThruHikerUITests.swift in Sources */,
				EEB1AF7E2BC65A940053526E /* ThruHikerUITestsLaunchTests.swift in Sources */,
			);
			runOnlyForDeploymentPostprocessing = 0;
		};
/* End PBXSourcesBuildPhase section */

/* Begin PBXTargetDependency section */
		EEB1AF6F2BC65A940053526E /* PBXTargetDependency */ = {
			isa = PBXTargetDependency;
			target = EEB1AF5C2BC65A930053526E /* ThruHiker */;
			targetProxy = EEB1AF6E2BC65A940053526E /* PBXContainerItemProxy */;
		};
		EEB1AF792BC65A940053526E /* PBXTargetDependency */ = {
			isa = PBXTargetDependency;
			target = EEB1AF5C2BC65A930053526E /* ThruHiker */;
			targetProxy = EEB1AF782BC65A940053526E /* PBXContainerItemProxy */;
		};
/* End PBXTargetDependency section */

/* Begin XCBuildConfiguration section */
		EEB1AF7F2BC65A940053526E /* Debug */ = {
			isa = XCBuildConfiguration;
			buildSettings = {
				ALWAYS_SEARCH_USER_PATHS = NO;
				ASSETCATALOG_COMPILER_GENERATE_SWIFT_ASSET_SYMBOL_EXTENSIONS = YES;
				CLANG_ANALYZER_NONNULL = YES;
				CLANG_ANALYZER_NUMBER_OBJECT_CONVERSION = YES_AGGRESSIVE;
				CLANG_CXX_LANGUAGE_STANDARD = "gnu++20";
				CLANG_ENABLE_MODULES = YES;
				CLANG_ENABLE_OBJC_ARC = YES;
				CLANG_ENABLE_OBJC_WEAK = YES;
				CLANG_WARN_BLOCK_CAPTURE_AUTORELEASING = YES;
				CLANG_WARN_BOOL_CONVERSION = YES;
				CLANG_WARN_COMMA = YES;
				CLANG_WARN_CONSTANT_CONVERSION = YES;
				CLANG_WARN_DEPRECATED_OBJC_IMPLEMENTATIONS = YES;
				CLANG_WARN_DIRECT_OBJC_ISA_USAGE = YES_ERROR;
				CLANG_WARN_DOCUMENTATION_COMMENTS = YES;
				CLANG_WARN_EMPTY_BODY = YES;
				CLANG_WARN_ENUM_CONVERSION = YES;
				CLANG_WARN_INFINITE_RECURSION = YES;
				CLANG_WARN_INT_CONVERSION = YES;
				CLANG_WARN_NON_LITERAL_NULL_CONVERSION = YES;
				CLANG_WARN_OBJC_IMPLICIT_RETAIN_SELF = YES;
				CLANG_WARN_OBJC_LITERAL_CONVERSION = YES;
				CLANG_WARN_OBJC_ROOT_CLASS = YES_ERROR;
				CLANG_WARN_QUOTED_INCLUDE_IN_FRAMEWORK_HEADER = YES;
				CLANG_WARN_RANGE_LOOP_ANALYSIS = YES;
				CLANG_WARN_STRICT_PROTOTYPES = YES;
				CLANG_WARN_SUSPICIOUS_MOVE = YES;
				CLANG_WARN_UNGUARDED_AVAILABILITY = YES_AGGRESSIVE;
				CLANG_WARN_UNREACHABLE_CODE = YES;
				CLANG_WARN__DUPLICATE_METHOD_MATCH = YES;
				COPY_PHASE_STRIP = NO;
				DEBUG_INFORMATION_FORMAT = dwarf;
				ENABLE_STRICT_OBJC_MSGSEND = YES;
				ENABLE_TESTABILITY = YES;
				ENABLE_USER_SCRIPT_SANDBOXING = YES;
				GCC_C_LANGUAGE_STANDARD = gnu17;
				GCC_DYNAMIC_NO_PIC = NO;
				GCC_NO_COMMON_BLOCKS = YES;
				GCC_OPTIMIZATION_LEVEL = 0;
				GCC_PREPROCESSOR_DEFINITIONS = (
					"DEBUG=1",
					"$(inherited)",
				);
				GCC_WARN_64_TO_32_BIT_CONVERSION = YES;
				GCC_WARN_ABOUT_RETURN_TYPE = YES_ERROR;
				GCC_WARN_UNDECLARED_SELECTOR = YES;
				GCC_WARN_UNINITIALIZED_AUTOS = YES_AGGRESSIVE;
				GCC_WARN_UNUSED_FUNCTION = YES;
				GCC_WARN_UNUSED_VARIABLE = YES;
				IPHONEOS_DEPLOYMENT_TARGET = 17.4;
				LOCALIZATION_PREFERS_STRING_CATALOGS = YES;
				MTL_ENABLE_DEBUG_INFO = INCLUDE_SOURCE;
				MTL_FAST_MATH = YES;
				ONLY_ACTIVE_ARCH = YES;
				SDKROOT = iphoneos;
				SWIFT_ACTIVE_COMPILATION_CONDITIONS = "DEBUG $(inherited)";
				SWIFT_OPTIMIZATION_LEVEL = "-Onone";
			};
			name = Debug;
		};
		EEB1AF802BC65A940053526E /* Release */ = {
			isa = XCBuildConfiguration;
			buildSettings = {
				ALWAYS_SEARCH_USER_PATHS = NO;
				ASSETCATALOG_COMPILER_GENERATE_SWIFT_ASSET_SYMBOL_EXTENSIONS = YES;
				CLANG_ANALYZER_NONNULL = YES;
				CLANG_ANALYZER_NUMBER_OBJECT_CONVERSION = YES_AGGRESSIVE;
				CLANG_CXX_LANGUAGE_STANDARD = "gnu++20";
				CLANG_ENABLE_MODULES = YES;
				CLANG_ENABLE_OBJC_ARC = YES;
				CLANG_ENABLE_OBJC_WEAK = YES;
				CLANG_WARN_BLOCK_CAPTURE_AUTORELEASING = YES;
				CLANG_WARN_BOOL_CONVERSION = YES;
				CLANG_WARN_COMMA = YES;
				CLANG_WARN_CONSTANT_CONVERSION = YES;
				CLANG_WARN_DEPRECATED_OBJC_IMPLEMENTATIONS = YES;
				CLANG_WARN_DIRECT_OBJC_ISA_USAGE = YES_ERROR;
				CLANG_WARN_DOCUMENTATION_COMMENTS = YES;
				CLANG_WARN_EMPTY_BODY = YES;
				CLANG_WARN_ENUM_CONVERSION = YES;
				CLANG_WARN_INFINITE_RECURSION = YES;
				CLANG_WARN_INT_CONVERSION = YES;
				CLANG_WARN_NON_LITERAL_NULL_CONVERSION = YES;
				CLANG_WARN_OBJC_IMPLICIT_RETAIN_SELF = YES;
				CLANG_WARN_OBJC_LITERAL_CONVERSION = YES;
				CLANG_WARN_OBJC_ROOT_CLASS = YES_ERROR;
				CLANG_WARN_QUOTED_INCLUDE_IN_FRAMEWORK_HEADER = YES;
				CLANG_WARN_RANGE_LOOP_ANALYSIS = YES;
				CLANG_WARN_STRICT_PROTOTYPES = YES;
				CLANG_WARN_SUSPICIOUS_MOVE = YES;
				CLANG_WARN_UNGUARDED_AVAILABILITY = YES_AGGRESSIVE;
				CLANG_WARN_UNREACHABLE_CODE = YES;
				CLANG_WARN__DUPLICATE_METHOD_MATCH = YES;
				COPY_PHASE_STRIP = NO;
				DEBUG_INFORMATION_FORMAT = "dwarf-with-dsym";
				ENABLE_NS_ASSERTIONS = NO;
				ENABLE_STRICT_OBJC_MSGSEND = YES;
				ENABLE_USER_SCRIPT_SANDBOXING = YES;
				GCC_C_LANGUAGE_STANDARD = gnu17;
				GCC_NO_COMMON_BLOCKS = YES;
				GCC_WARN_64_TO_32_BIT_CONVERSION = YES;
				GCC_WARN_ABOUT_RETURN_TYPE = YES_ERROR;
				GCC_WARN_UNDECLARED_SELECTOR = YES;
				GCC_WARN_UNINITIALIZED_AUTOS = YES_AGGRESSIVE;
				GCC_WARN_UNUSED_FUNCTION = YES;
				GCC_WARN_UNUSED_VARIABLE = YES;
				IPHONEOS_DEPLOYMENT_TARGET = 17.4;
				LOCALIZATION_PREFERS_STRING_CATALOGS = YES;
				MTL_ENABLE_DEBUG_INFO = NO;
				MTL_FAST_MATH = YES;
				SDKROOT = iphoneos;
				SWIFT_COMPILATION_MODE = wholemodule;
				VALIDATE_PRODUCT = YES;
			};
			name = Release;
		};
		EEB1AF822BC65A940053526E /* Debug */ = {
			isa = XCBuildConfiguration;
			buildSettings = {
				ASSETCATALOG_COMPILER_APPICON_NAME = AppIcon;
				ASSETCATALOG_COMPILER_GLOBAL_ACCENT_COLOR_NAME = AccentColor;
				CODE_SIGN_STYLE = Automatic;
				CURRENT_PROJECT_VERSION = 1;
				DEVELOPMENT_ASSET_PATHS = "\"ThruHiker/Preview Content\"";
				DEVELOPMENT_TEAM = 5Z52B45CFP;
				ENABLE_PREVIEWS = YES;
				GENERATE_INFOPLIST_FILE = YES;
				INFOPLIST_KEY_UIApplicationSceneManifest_Generation = YES;
				INFOPLIST_KEY_UIApplicationSupportsIndirectInputEvents = YES;
				INFOPLIST_KEY_UILaunchScreen_Generation = YES;
				INFOPLIST_KEY_UISupportedInterfaceOrientations_iPad = "UIInterfaceOrientationPortrait UIInterfaceOrientationPortraitUpsideDown UIInterfaceOrientationLandscapeLeft UIInterfaceOrientationLandscapeRight";
				INFOPLIST_KEY_UISupportedInterfaceOrientations_iPhone = "UIInterfaceOrientationPortrait UIInterfaceOrientationLandscapeLeft UIInterfaceOrientationLandscapeRight";
				LD_RUNPATH_SEARCH_PATHS = (
					"$(inherited)",
					"@executable_path/Frameworks",
				);
				MARKETING_VERSION = 1.0;
				PRODUCT_BUNDLE_IDENTIFIER = cse115a.ThruHiker;
				PRODUCT_NAME = "$(TARGET_NAME)";
				SWIFT_EMIT_LOC_STRINGS = YES;
				SWIFT_VERSION = 5.0;
				TARGETED_DEVICE_FAMILY = "1,2";
			};
			name = Debug;
		};
		EEB1AF832BC65A940053526E /* Release */ = {
			isa = XCBuildConfiguration;
			buildSettings = {
				ASSETCATALOG_COMPILER_APPICON_NAME = AppIcon;
				ASSETCATALOG_COMPILER_GLOBAL_ACCENT_COLOR_NAME = AccentColor;
				CODE_SIGN_STYLE = Automatic;
				CURRENT_PROJECT_VERSION = 1;
				DEVELOPMENT_ASSET_PATHS = "\"ThruHiker/Preview Content\"";
				DEVELOPMENT_TEAM = 5Z52B45CFP;
				ENABLE_PREVIEWS = YES;
				GENERATE_INFOPLIST_FILE = YES;
				INFOPLIST_KEY_UIApplicationSceneManifest_Generation = YES;
				INFOPLIST_KEY_UIApplicationSupportsIndirectInputEvents = YES;
				INFOPLIST_KEY_UILaunchScreen_Generation = YES;
				INFOPLIST_KEY_UISupportedInterfaceOrientations_iPad = "UIInterfaceOrientationPortrait UIInterfaceOrientationPortraitUpsideDown UIInterfaceOrientationLandscapeLeft UIInterfaceOrientationLandscapeRight";
				INFOPLIST_KEY_UISupportedInterfaceOrientations_iPhone = "UIInterfaceOrientationPortrait UIInterfaceOrientationLandscapeLeft UIInterfaceOrientationLandscapeRight";
				LD_RUNPATH_SEARCH_PATHS = (
					"$(inherited)",
					"@executable_path/Frameworks",
				);
				MARKETING_VERSION = 1.0;
				PRODUCT_BUNDLE_IDENTIFIER = cse115a.ThruHiker;
				PRODUCT_NAME = "$(TARGET_NAME)";
				SWIFT_EMIT_LOC_STRINGS = YES;
				SWIFT_VERSION = 5.0;
				TARGETED_DEVICE_FAMILY = "1,2";
			};
			name = Release;
		};
		EEB1AF852BC65A940053526E /* Debug */ = {
			isa = XCBuildConfiguration;
			buildSettings = {
				ALWAYS_EMBED_SWIFT_STANDARD_LIBRARIES = YES;
				BUNDLE_LOADER = "$(TEST_HOST)";
				CODE_SIGN_STYLE = Automatic;
				CURRENT_PROJECT_VERSION = 1;
				DEVELOPMENT_TEAM = 5Z52B45CFP;
				GENERATE_INFOPLIST_FILE = YES;
				IPHONEOS_DEPLOYMENT_TARGET = 17.4;
				MARKETING_VERSION = 1.0;
				PRODUCT_BUNDLE_IDENTIFIER = cse115a.ThruHikerTests;
				PRODUCT_NAME = "$(TARGET_NAME)";
				SWIFT_EMIT_LOC_STRINGS = NO;
				SWIFT_VERSION = 5.0;
				TARGETED_DEVICE_FAMILY = "1,2";
				TEST_HOST = "$(BUILT_PRODUCTS_DIR)/ThruHiker.app/$(BUNDLE_EXECUTABLE_FOLDER_PATH)/ThruHiker";
			};
			name = Debug;
		};
		EEB1AF862BC65A940053526E /* Release */ = {
			isa = XCBuildConfiguration;
			buildSettings = {
				ALWAYS_EMBED_SWIFT_STANDARD_LIBRARIES = YES;
				BUNDLE_LOADER = "$(TEST_HOST)";
				CODE_SIGN_STYLE = Automatic;
				CURRENT_PROJECT_VERSION = 1;
				DEVELOPMENT_TEAM = 5Z52B45CFP;
				GENERATE_INFOPLIST_FILE = YES;
				IPHONEOS_DEPLOYMENT_TARGET = 17.4;
				MARKETING_VERSION = 1.0;
				PRODUCT_BUNDLE_IDENTIFIER = cse115a.ThruHikerTests;
				PRODUCT_NAME = "$(TARGET_NAME)";
				SWIFT_EMIT_LOC_STRINGS = NO;
				SWIFT_VERSION = 5.0;
				TARGETED_DEVICE_FAMILY = "1,2";
				TEST_HOST = "$(BUILT_PRODUCTS_DIR)/ThruHiker.app/$(BUNDLE_EXECUTABLE_FOLDER_PATH)/ThruHiker";
			};
			name = Release;
		};
		EEB1AF882BC65A940053526E /* Debug */ = {
			isa = XCBuildConfiguration;
			buildSettings = {
				ALWAYS_EMBED_SWIFT_STANDARD_LIBRARIES = YES;
				CODE_SIGN_STYLE = Automatic;
				CURRENT_PROJECT_VERSION = 1;
				DEVELOPMENT_TEAM = 5Z52B45CFP;
				GENERATE_INFOPLIST_FILE = YES;
				MARKETING_VERSION = 1.0;
				PRODUCT_BUNDLE_IDENTIFIER = cse115a.ThruHikerUITests;
				PRODUCT_NAME = "$(TARGET_NAME)";
				SWIFT_EMIT_LOC_STRINGS = NO;
				SWIFT_VERSION = 5.0;
				TARGETED_DEVICE_FAMILY = "1,2";
				TEST_TARGET_NAME = ThruHiker;
			};
			name = Debug;
		};
		EEB1AF892BC65A940053526E /* Release */ = {
			isa = XCBuildConfiguration;
			buildSettings = {
				ALWAYS_EMBED_SWIFT_STANDARD_LIBRARIES = YES;
				CODE_SIGN_STYLE = Automatic;
				CURRENT_PROJECT_VERSION = 1;
				DEVELOPMENT_TEAM = 5Z52B45CFP;
				GENERATE_INFOPLIST_FILE = YES;
				MARKETING_VERSION = 1.0;
				PRODUCT_BUNDLE_IDENTIFIER = cse115a.ThruHikerUITests;
				PRODUCT_NAME = "$(TARGET_NAME)";
				SWIFT_EMIT_LOC_STRINGS = NO;
				SWIFT_VERSION = 5.0;
				TARGETED_DEVICE_FAMILY = "1,2";
				TEST_TARGET_NAME = ThruHiker;
			};
			name = Release;
		};
/* End XCBuildConfiguration section */

/* Begin XCConfigurationList section */
		EEB1AF582BC65A930053526E /* Build configuration list for PBXProject "ThruHiker" */ = {
			isa = XCConfigurationList;
			buildConfigurations = (
				EEB1AF7F2BC65A940053526E /* Debug */,
				EEB1AF802BC65A940053526E /* Release */,
			);
			defaultConfigurationIsVisible = 0;
			defaultConfigurationName = Release;
		};
		EEB1AF812BC65A940053526E /* Build configuration list for PBXNativeTarget "ThruHiker" */ = {
			isa = XCConfigurationList;
			buildConfigurations = (
				EEB1AF822BC65A940053526E /* Debug */,
				EEB1AF832BC65A940053526E /* Release */,
			);
			defaultConfigurationIsVisible = 0;
			defaultConfigurationName = Release;
		};
		EEB1AF842BC65A940053526E /* Build configuration list for PBXNativeTarget "ThruHikerTests" */ = {
			isa = XCConfigurationList;
			buildConfigurations = (
				EEB1AF852BC65A940053526E /* Debug */,
				EEB1AF862BC65A940053526E /* Release */,
			);
			defaultConfigurationIsVisible = 0;
			defaultConfigurationName = Release;
		};
		EEB1AF872BC65A940053526E /* Build configuration list for PBXNativeTarget "ThruHikerUITests" */ = {
			isa = XCConfigurationList;
			buildConfigurations = (
				EEB1AF882BC65A940053526E /* Debug */,
				EEB1AF892BC65A940053526E /* Release */,
			);
			defaultConfigurationIsVisible = 0;
			defaultConfigurationName = Release;
		};
/* End XCConfigurationList section */
	};
	rootObject = EEB1AF552BC65A930053526E /* Project object */;
}
